
Microsoft Visual Studio Solution File, Format Version 12.00
# Visual Studio Version 17
VisualStudioVersion = 17.13.35828.75 d17.13
MinimumVisualStudioVersion = 10.0.40219.1
Project("{FAE04EC0-301F-11D3-BF4B-00C04F79EFBC}") = "balance.domain", "balance.domain\balance.domain.csproj", "{35F24C0E-8011-4986-A5C7-8AFDEB184EBF}"
EndProject
Project("{FAE04EC0-301F-11D3-BF4B-00C04F79EFBC}") = "balance.services", "balance.services\balance.services.csproj", "{42E3D6B5-8BC1-4EF5-8AD6-B88343F0A0C4}"
EndProject
Project("{FAE04EC0-301F-11D3-BF4B-00C04F79EFBC}") = "balance.API", "balance.API\balance.API.csproj", "{C5EF04E6-88D2-4D89-A428-9678CAB13729}"
EndProject
Project("{FAE04EC0-301F-11D3-BF4B-00C04F79EFBC}") = "balance.Repositories", "balance.Repositories\balance.Repositories.csproj", "{E439D74B-B7A8-4E3B-B300-08676E61723D}"
EndProject
Global
	GlobalSection(SolutionConfigurationPlatforms) = preSolution
		Debug|Any CPU = Debug|Any CPU
		Release|Any CPU = Release|Any CPU
	EndGlobalSection
	GlobalSection(ProjectConfigurationPlatforms) = postSolution
		{35F24C0E-8011-4986-A5C7-8AFDEB184EBF}.Debug|Any CPU.ActiveCfg = Debug|Any CPU
		{35F24C0E-8011-4986-A5C7-8AFDEB184EBF}.Debug|Any CPU.Build.0 = Debug|Any CPU
		{35F24C0E-8011-4986-A5C7-8AFDEB184EBF}.Release|Any CPU.ActiveCfg = Release|Any CPU
		{35F24C0E-8011-4986-A5C7-8AFDEB184EBF}.Release|Any CPU.Build.0 = Release|Any CPU
		{42E3D6B5-8BC1-4EF5-8AD6-B88343F0A0C4}.Debug|Any CPU.ActiveCfg = Debug|Any CPU
		{42E3D6B5-8BC1-4EF5-8AD6-B88343F0A0C4}.Debug|Any CPU.Build.0 = Debug|Any CPU
		{42E3D6B5-8BC1-4EF5-8AD6-B88343F0A0C4}.Release|Any CPU.ActiveCfg = Release|Any CPU
		{42E3D6B5-8BC1-4EF5-8AD6-B88343F0A0C4}.Release|Any CPU.Build.0 = Release|Any CPU
		{C5EF04E6-88D2-4D89-A428-9678CAB13729}.Debug|Any CPU.ActiveCfg = Debug|Any CPU
		{C5EF04E6-88D2-4D89-A428-9678CAB13729}.Debug|Any CPU.Build.0 = Debug|Any CPU
		{C5EF04E6-88D2-4D89-A428-9678CAB13729}.Release|Any CPU.ActiveCfg = Release|Any CPU
		{C5EF04E6-88D2-4D89-A428-9678CAB13729}.Release|Any CPU.Build.0 = Release|Any CPU
		{E439D74B-B7A8-4E3B-B300-08676E61723D}.Debug|Any CPU.ActiveCfg = Debug|Any CPU
		{E439D74B-B7A8-4E3B-B300-08676E61723D}.Debug|Any CPU.Build.0 = Debug|Any CPU
		{E439D74B-B7A8-4E3B-B300-08676E61723D}.Release|Any CPU.ActiveCfg = Release|Any CPU
		{E439D74B-B7A8-4E3B-B300-08676E61723D}.Release|Any CPU.Build.0 = Release|Any CPU
	EndGlobalSection
	GlobalSection(SolutionProperties) = preSolution
		HideSolutionNode = FALSE
	EndGlobalSection
	GlobalSection(ExtensibilityGlobals) = postSolution
		SolutionGuid = {AD316929-A660-4C9F-AF0C-09A36C2FF440}
	EndGlobalSection
EndGlobal
